// !$*UTF8*$!
{
	archiveVersion = 1;
	classes = {
	};
	objectVersion = 56;
	objects = {

/* Begin PBXBuildFile section */
		3D2404F92C4C22F100DDE5DE /* instaApp.swift in Sources */ = {isa = PBXBuildFile; fileRef = 3D2404F82C4C22F100DDE5DE /* instaApp.swift */; };
		3D2404FB2C4C22F100DDE5DE /* ContentView.swift in Sources */ = {isa = PBXBuildFile; fileRef = 3D2404FA2C4C22F100DDE5DE /* ContentView.swift */; };
		3D2404FD2C4C22F100DDE5DE /* Assets.xcassets in Resources */ = {isa = PBXBuildFile; fileRef = 3D2404FC2C4C22F100DDE5DE /* Assets.xcassets */; };
		3D2405002C4C22F100DDE5DE /* Preview Assets.xcassets in Resources */ = {isa = PBXBuildFile; fileRef = 3D2404FF2C4C22F100DDE5DE /* Preview Assets.xcassets */; };
		3D24050A2C4C22F200DDE5DE /* instaTests.swift in Sources */ = {isa = PBXBuildFile; fileRef = 3D2405092C4C22F200DDE5DE /* instaTests.swift */; };
		3D2405142C4C22F200DDE5DE /* instaUITests.swift in Sources */ = {isa = PBXBuildFile; fileRef = 3D2405132C4C22F200DDE5DE /* instaUITests.swift */; };
		3D2405162C4C22F200DDE5DE /* instaUITestsLaunchTests.swift in Sources */ = {isa = PBXBuildFile; fileRef = 3D2405152C4C22F200DDE5DE /* instaUITestsLaunchTests.swift */; };
/* End PBXBuildFile section */

/* Begin PBXContainerItemProxy section */
		3D2405062C4C22F200DDE5DE /* PBXContainerItemProxy */ = {
			isa = PBXContainerItemProxy;
			containerPortal = 3D2404ED2C4C22F000DDE5DE /* Project object */;
			proxyType = 1;
			remoteGlobalIDString = 3D2404F42C4C22F100DDE5DE;
			remoteInfo = insta;
		};
		3D2405102C4C22F200DDE5DE /* PBXContainerItemProxy */ = {
			isa = PBXContainerItemProxy;
			containerPortal = 3D2404ED2C4C22F000DDE5DE /* Project object */;
			proxyType = 1;
			remoteGlobalIDString = 3D2404F42C4C22F100DDE5DE;
			remoteInfo = insta;
		};
/* End PBXContainerItemProxy section */

/* Begin PBXFileReference section */
		3D2404F52C4C22F100DDE5DE /* insta.app */ = {isa = PBXFileReference; explicitFileType = wrapper.application; includeInIndex = 0; path = insta.app; sourceTree = BUILT_PRODUCTS_DIR; };
		3D2404F82C4C22F100DDE5DE /* instaApp.swift */ = {isa = PBXFileReference; lastKnownFileType = sourcecode.swift; path = instaApp.swift; sourceTree = "<group>"; };
		3D2404FA2C4C22F100DDE5DE /* ContentView.swift */ = {isa = PBXFileReference; lastKnownFileType = sourcecode.swift; path = ContentView.swift; sourceTree = "<group>"; };
		3D2404FC2C4C22F100DDE5DE /* Assets.xcassets */ = {isa = PBXFileReference; lastKnownFileType = folder.assetcatalog; path = Assets.xcassets; sourceTree = "<group>"; };
		3D2404FF2C4C22F100DDE5DE /* Preview Assets.xcassets */ = {isa = PBXFileReference; lastKnownFileType = folder.assetcatalog; path = "Preview Assets.xcassets"; sourceTree = "<group>"; };
		3D2405052C4C22F200DDE5DE /* instaTests.xctest */ = {isa = PBXFileReference; explicitFileType = wrapper.cfbundle; includeInIndex = 0; path = instaTests.xctest; sourceTree = BUILT_PRODUCTS_DIR; };
		3D2405092C4C22F200DDE5DE /* instaTests.swift */ = {isa = PBXFileReference; lastKnownFileType = sourcecode.swift; path = instaTests.swift; sourceTree = "<group>"; };
		3D24050F2C4C22F200DDE5DE /* instaUITests.xctest */ = {isa = PBXFileReference; explicitFileType = wrapper.cfbundle; includeInIndex = 0; path = instaUITests.xctest; sourceTree = BUILT_PRODUCTS_DIR; };
		3D2405132C4C22F200DDE5DE /* instaUITests.swift */ = {isa = PBXFileReference; lastKnownFileType = sourcecode.swift; path = instaUITests.swift; sourceTree = "<group>"; };
		3D2405152C4C22F200DDE5DE /* instaUITestsLaunchTests.swift */ = {isa = PBXFileReference; lastKnownFileType = sourcecode.swift; path = instaUITestsLaunchTests.swift; sourceTree = "<group>"; };
/* End PBXFileReference section */

/* Begin PBXFrameworksBuildPhase section */
		3D2404F22C4C22F100DDE5DE /* Frameworks */ = {
			isa = PBXFrameworksBuildPhase;
			buildActionMask = 2147483647;
			files = (
			);
			runOnlyForDeploymentPostprocessing = 0;
		};
		3D2405022C4C22F200DDE5DE /* Frameworks */ = {
			isa = PBXFrameworksBuildPhase;
			buildActionMask = 2147483647;
			files = (
			);
			runOnlyForDeploymentPostprocessing = 0;
		};
		3D24050C2C4C22F200DDE5DE /* Frameworks */ = {
			isa = PBXFrameworksBuildPhase;
			buildActionMask = 2147483647;
			files = (
			);
			runOnlyForDeploymentPostprocessing = 0;
		};
/* End PBXFrameworksBuildPhase section */

/* Begin PBXGroup section */
		3D2404EC2C4C22F000DDE5DE = {
			isa = PBXGroup;
			children = (
				3D2404F72C4C22F100DDE5DE /* insta */,
				3D2405082C4C22F200DDE5DE /* instaTests */,
				3D2405122C4C22F200DDE5DE /* instaUITests */,
				3D2404F62C4C22F100DDE5DE /* Products */,
			);
			sourceTree = "<group>";
		};
		3D2404F62C4C22F100DDE5DE /* Products */ = {
			isa = PBXGroup;
			children = (
				3D2404F52C4C22F100DDE5DE /* insta.app */,
				3D2405052C4C22F200DDE5DE /* instaTests.xctest */,
				3D24050F2C4C22F200DDE5DE /* instaUITests.xctest */,
			);
			name = Products;
			sourceTree = "<group>";
		};
		3D2404F72C4C22F100DDE5DE /* insta */ = {
			isa = PBXGroup;
			children = (
				3D2404F82C4C22F100DDE5DE /* instaApp.swift */,
				3D2404FA2C4C22F100DDE5DE /* ContentView.swift */,
				3D2404FC2C4C22F100DDE5DE /* Assets.xcassets */,
				3D2404FE2C4C22F100DDE5DE /* Preview Content */,
			);
			path = insta;
			sourceTree = "<group>";
		};
		3D2404FE2C4C22F100DDE5DE /* Preview Content */ = {
			isa = PBXGroup;
			children = (
				3D2404FF2C4C22F100DDE5DE /* Preview Assets.xcassets */,
			);
			path = "Preview Content";
			sourceTree = "<group>";
		};
		3D2405082C4C22F200DDE5DE /* instaTests */ = {
			isa = PBXGroup;
			children = (
				3D2405092C4C22F200DDE5DE /* instaTests.swift */,
			);
			path = instaTests;
			sourceTree = "<group>";
		};
		3D2405122C4C22F200DDE5DE /* instaUITests */ = {
			isa = PBXGroup;
			children = (
				3D2405132C4C22F200DDE5DE /* instaUITests.swift */,
				3D2405152C4C22F200DDE5DE /* instaUITestsLaunchTests.swift */,
			);
			path = instaUITests;
			sourceTree = "<group>";
		};
/* End PBXGroup section */

/* Begin PBXNativeTarget section */
		3D2404F42C4C22F100DDE5DE /* insta */ = {
			isa = PBXNativeTarget;
			buildConfigurationList = 3D2405192C4C22F200DDE5DE /* Build configuration list for PBXNativeTarget "insta" */;
			buildPhases = (
				3D2404F12C4C22F100DDE5DE /* Sources */,
				3D2404F22C4C22F100DDE5DE /* Frameworks */,
				3D2404F32C4C22F100DDE5DE /* Resources */,
			);
			buildRules = (
			);
			dependencies = (
			);
			name = insta;
			productName = insta;
			productReference = 3D2404F52C4C22F100DDE5DE /* insta.app */;
			productType = "com.apple.product-type.application";
		};
		3D2405042C4C22F200DDE5DE /* instaTests */ = {
			isa = PBXNativeTarget;
			buildConfigurationList = 3D24051C2C4C22F200DDE5DE /* Build configuration list for PBXNativeTarget "instaTests" */;
			buildPhases = (
				3D2405012C4C22F200DDE5DE /* Sources */,
				3D2405022C4C22F200DDE5DE /* Frameworks */,
				3D2405032C4C22F200DDE5DE /* Resources */,
			);
			buildRules = (
			);
			dependencies = (
				3D2405072C4C22F200DDE5DE /* PBXTargetDependency */,
			);
			name = instaTests;
			productName = instaTests;
			productReference = 3D2405052C4C22F200DDE5DE /* instaTests.xctest */;
			productType = "com.apple.product-type.bundle.unit-test";
		};
		3D24050E2C4C22F200DDE5DE /* instaUITests */ = {
			isa = PBXNativeTarget;
			buildConfigurationList = 3D24051F2C4C22F200DDE5DE /* Build configuration list for PBXNativeTarget "instaUITests" */;
			buildPhases = (
				3D24050B2C4C22F200DDE5DE /* Sources */,
				3D24050C2C4C22F200DDE5DE /* Frameworks */,
				3D24050D2C4C22F200DDE5DE /* Resources */,
			);
			buildRules = (
			);
			dependencies = (
				3D2405112C4C22F200DDE5DE /* PBXTargetDependency */,
			);
			name = instaUITests;
			productName = instaUITests;
			productReference = 3D24050F2C4C22F200DDE5DE /* instaUITests.xctest */;
			productType = "com.apple.product-type.bundle.ui-testing";
		};
/* End PBXNativeTarget section */

/* Begin PBXProject section */
		3D2404ED2C4C22F000DDE5DE /* Project object */ = {
			isa = PBXProject;
			attributes = {
				BuildIndependentTargetsInParallel = 1;
				LastSwiftUpdateCheck = 1540;
				LastUpgradeCheck = 1540;
				TargetAttributes = {
					3D2404F42C4C22F100DDE5DE = {
						CreatedOnToolsVersion = 15.4;
					};
					3D2405042C4C22F200DDE5DE = {
						CreatedOnToolsVersion = 15.4;
						TestTargetID = 3D2404F42C4C22F100DDE5DE;
					};
					3D24050E2C4C22F200DDE5DE = {
						CreatedOnToolsVersion = 15.4;
						TestTargetID = 3D2404F42C4C22F100DDE5DE;
					};
				};
			};
			buildConfigurationList = 3D2404F02C4C22F000DDE5DE /* Build configuration list for PBXProject "insta" */;
			compatibilityVersion = "Xcode 14.0";
			developmentRegion = en;
			hasScannedForEncodings = 0;
			knownRegions = (
				en,
				Base,
			);
			mainGroup = 3D2404EC2C4C22F000DDE5DE;
			productRefGroup = 3D2404F62C4C22F100DDE5DE /* Products */;
			projectDirPath = "";
			projectRoot = "";
			targets = (
				3D2404F42C4C22F100DDE5DE /* insta */,
				3D2405042C4C22F200DDE5DE /* instaTests */,
				3D24050E2C4C22F200DDE5DE /* instaUITests */,
			);
		};
/* End PBXProject section */

/* Begin PBXResourcesBuildPhase section */
		3D2404F32C4C22F100DDE5DE /* Resources */ = {
			isa = PBXResourcesBuildPhase;
			buildActionMask = 2147483647;
			files = (
				3D2405002C4C22F100DDE5DE /* Preview Assets.xcassets in Resources */,
				3D2404FD2C4C22F100DDE5DE /* Assets.xcassets in Resources */,
			);
			runOnlyForDeploymentPostprocessing = 0;
		};
		3D2405032C4C22F200DDE5DE /* Resources */ = {
			isa = PBXResourcesBuildPhase;
			buildActionMask = 2147483647;
			files = (
			);
			runOnlyForDeploymentPostprocessing = 0;
		};
		3D24050D2C4C22F200DDE5DE /* Resources */ = {
			isa = PBXResourcesBuildPhase;
			buildActionMask = 2147483647;
			files = (
			);
			runOnlyForDeploymentPostprocessing = 0;
		};
/* End PBXResourcesBuildPhase section */

/* Begin PBXSourcesBuildPhase section */
		3D2404F12C4C22F100DDE5DE /* Sources */ = {
			isa = PBXSourcesBuildPhase;
			buildActionMask = 2147483647;
			files = (
				3D2404FB2C4C22F100DDE5DE /* ContentView.swift in Sources */,
				3D2404F92C4C22F100DDE5DE /* instaApp.swift in Sources */,
			);
			runOnlyForDeploymentPostprocessing = 0;
		};
		3D2405012C4C22F200DDE5DE /* Sources */ = {
			isa = PBXSourcesBuildPhase;
			buildActionMask = 2147483647;
			files = (
				3D24050A2C4C22F200DDE5DE /* instaTests.swift in Sources */,
			);
			runOnlyForDeploymentPostprocessing = 0;
		};
		3D24050B2C4C22F200DDE5DE /* Sources */ = {
			isa = PBXSourcesBuildPhase;
			buildActionMask = 2147483647;
			files = (
				3D2405162C4C22F200DDE5DE /* instaUITestsLaunchTests.swift in Sources */,
				3D2405142C4C22F200DDE5DE /* instaUITests.swift in Sources */,
			);
			runOnlyForDeploymentPostprocessing = 0;
		};
/* End PBXSourcesBuildPhase section */

/* Begin PBXTargetDependency section */
		3D2405072C4C22F200DDE5DE /* PBXTargetDependency */ = {
			isa = PBXTargetDependency;
			target = 3D2404F42C4C22F100DDE5DE /* insta */;
			targetProxy = 3D2405062C4C22F200DDE5DE /* PBXContainerItemProxy */;
		};
		3D2405112C4C22F200DDE5DE /* PBXTargetDependency */ = {
			isa = PBXTargetDependency;
			target = 3D2404F42C4C22F100DDE5DE /* insta */;
			targetProxy = 3D2405102C4C22F200DDE5DE /* PBXContainerItemProxy */;
		};
/* End PBXTargetDependency section */

/* Begin XCBuildConfiguration section */
		3D2405172C4C22F200DDE5DE /* Debug */ = {
			isa = XCBuildConfiguration;
			buildSettings = {
				ALWAYS_SEARCH_USER_PATHS = NO;
				ASSETCATALOG_COMPILER_GENERATE_SWIFT_ASSET_SYMBOL_EXTENSIONS = YES;
				CLANG_ANALYZER_NONNULL = YES;
				CLANG_ANALYZER_NUMBER_OBJECT_CONVERSION = YES_AGGRESSIVE;
				CLANG_CXX_LANGUAGE_STANDARD = "gnu++20";
				CLANG_ENABLE_MODULES = YES;
				CLANG_ENABLE_OBJC_ARC = YES;
				CLANG_ENABLE_OBJC_WEAK = YES;
				CLANG_WARN_BLOCK_CAPTURE_AUTORELEASING = YES;
				CLANG_WARN_BOOL_CONVERSION = YES;
				CLANG_WARN_COMMA = YES;
				CLANG_WARN_CONSTANT_CONVERSION = YES;
				CLANG_WARN_DEPRECATED_OBJC_IMPLEMENTATIONS = YES;
				CLANG_WARN_DIRECT_OBJC_ISA_USAGE = YES_ERROR;
				CLANG_WARN_DOCUMENTATION_COMMENTS = YES;
				CLANG_WARN_EMPTY_BODY = YES;
				CLANG_WARN_ENUM_CONVERSION = YES;
				CLANG_WARN_INFINITE_RECURSION = YES;
				CLANG_WARN_INT_CONVERSION = YES;
				CLANG_WARN_NON_LITERAL_NULL_CONVERSION = YES;
				CLANG_WARN_OBJC_IMPLICIT_RETAIN_SELF = YES;
				CLANG_WARN_OBJC_LITERAL_CONVERSION = YES;
				CLANG_WARN_OBJC_ROOT_CLASS = YES_ERROR;
				CLANG_WARN_QUOTED_INCLUDE_IN_FRAMEWORK_HEADER = YES;
				CLANG_WARN_RANGE_LOOP_ANALYSIS = YES;
				CLANG_WARN_STRICT_PROTOTYPES = YES;
				CLANG_WARN_SUSPICIOUS_MOVE = YES;
				CLANG_WARN_UNGUARDED_AVAILABILITY = YES_AGGRESSIVE;
				CLANG_WARN_UNREACHABLE_CODE = YES;
				CLANG_WARN__DUPLICATE_METHOD_MATCH = YES;
				COPY_PHASE_STRIP = NO;
				DEBUG_INFORMATION_FORMAT = dwarf;
				ENABLE_STRICT_OBJC_MSGSEND = YES;
				ENABLE_TESTABILITY = YES;
				ENABLE_USER_SCRIPT_SANDBOXING = YES;
				GCC_C_LANGUAGE_STANDARD = gnu17;
				GCC_DYNAMIC_NO_PIC = NO;
				GCC_NO_COMMON_BLOCKS = YES;
				GCC_OPTIMIZATION_LEVEL = 0;
				GCC_PREPROCESSOR_DEFINITIONS = (
					"DEBUG=1",
					"$(inherited)",
				);
				GCC_WARN_64_TO_32_BIT_CONVERSION = YES;
				GCC_WARN_ABOUT_RETURN_TYPE = YES_ERROR;
				GCC_WARN_UNDECLARED_SELECTOR = YES;
				GCC_WARN_UNINITIALIZED_AUTOS = YES_AGGRESSIVE;
				GCC_WARN_UNUSED_FUNCTION = YES;
				GCC_WARN_UNUSED_VARIABLE = YES;
				IPHONEOS_DEPLOYMENT_TARGET = 17.5;
				LOCALIZATION_PREFERS_STRING_CATALOGS = YES;
				MTL_ENABLE_DEBUG_INFO = INCLUDE_SOURCE;
				MTL_FAST_MATH = YES;
				ONLY_ACTIVE_ARCH = YES;
				SDKROOT = iphoneos;
				SWIFT_ACTIVE_COMPILATION_CONDITIONS = "DEBUG $(inherited)";
				SWIFT_OPTIMIZATION_LEVEL = "-Onone";
			};
			name = Debug;
		};
		3D2405182C4C22F200DDE5DE /* Release */ = {
			isa = XCBuildConfiguration;
			buildSettings = {
				ALWAYS_SEARCH_USER_PATHS = NO;
				ASSETCATALOG_COMPILER_GENERATE_SWIFT_ASSET_SYMBOL_EXTENSIONS = YES;
				CLANG_ANALYZER_NONNULL = YES;
				CLANG_ANALYZER_NUMBER_OBJECT_CONVERSION = YES_AGGRESSIVE;
				CLANG_CXX_LANGUAGE_STANDARD = "gnu++20";
				CLANG_ENABLE_MODULES = YES;
				CLANG_ENABLE_OBJC_ARC = YES;
				CLANG_ENABLE_OBJC_WEAK = YES;
				CLANG_WARN_BLOCK_CAPTURE_AUTORELEASING = YES;
				CLANG_WARN_BOOL_CONVERSION = YES;
				CLANG_WARN_COMMA = YES;
				CLANG_WARN_CONSTANT_CONVERSION = YES;
				CLANG_WARN_DEPRECATED_OBJC_IMPLEMENTATIONS = YES;
				CLANG_WARN_DIRECT_OBJC_ISA_USAGE = YES_ERROR;
				CLANG_WARN_DOCUMENTATION_COMMENTS = YES;
				CLANG_WARN_EMPTY_BODY = YES;
				CLANG_WARN_ENUM_CONVERSION = YES;
				CLANG_WARN_INFINITE_RECURSION = YES;
				CLANG_WARN_INT_CONVERSION = YES;
				CLANG_WARN_NON_LITERAL_NULL_CONVERSION = YES;
				CLANG_WARN_OBJC_IMPLICIT_RETAIN_SELF = YES;
				CLANG_WARN_OBJC_LITERAL_CONVERSION = YES;
				CLANG_WARN_OBJC_ROOT_CLASS = YES_ERROR;
				CLANG_WARN_QUOTED_INCLUDE_IN_FRAMEWORK_HEADER = YES;
				CLANG_WARN_RANGE_LOOP_ANALYSIS = YES;
				CLANG_WARN_STRICT_PROTOTYPES = YES;
				CLANG_WARN_SUSPICIOUS_MOVE = YES;
				CLANG_WARN_UNGUARDED_AVAILABILITY = YES_AGGRESSIVE;
				CLANG_WARN_UNREACHABLE_CODE = YES;
				CLANG_WARN__DUPLICATE_METHOD_MATCH = YES;
				COPY_PHASE_STRIP = NO;
				DEBUG_INFORMATION_FORMAT = "dwarf-with-dsym";
				ENABLE_NS_ASSERTIONS = NO;
				ENABLE_STRICT_OBJC_MSGSEND = YES;
				ENABLE_USER_SCRIPT_SANDBOXING = YES;
				GCC_C_LANGUAGE_STANDARD = gnu17;
				GCC_NO_COMMON_BLOCKS = YES;
				GCC_WARN_64_TO_32_BIT_CONVERSION = YES;
				GCC_WARN_ABOUT_RETURN_TYPE = YES_ERROR;
				GCC_WARN_UNDECLARED_SELECTOR = YES;
				GCC_WARN_UNINITIALIZED_AUTOS = YES_AGGRESSIVE;
				GCC_WARN_UNUSED_FUNCTION = YES;
				GCC_WARN_UNUSED_VARIABLE = YES;
				IPHONEOS_DEPLOYMENT_TARGET = 17.5;
				LOCALIZATION_PREFERS_STRING_CATALOGS = YES;
				MTL_ENABLE_DEBUG_INFO = NO;
				MTL_FAST_MATH = YES;
				SDKROOT = iphoneos;
				SWIFT_COMPILATION_MODE = wholemodule;
				VALIDATE_PRODUCT = YES;
			};
			name = Release;
		};
		3D24051A2C4C22F200DDE5DE /* Debug */ = {
			isa = XCBuildConfiguration;
			buildSettings = {
				ASSETCATALOG_COMPILER_APPICON_NAME = AppIcon;
				ASSETCATALOG_COMPILER_GLOBAL_ACCENT_COLOR_NAME = AccentColor;
				CODE_SIGN_STYLE = Automatic;
				CURRENT_PROJECT_VERSION = 1;
				DEVELOPMENT_ASSET_PATHS = "\"insta/Preview Content\"";
				DEVELOPMENT_TEAM = 8U779Q6DTC;
				ENABLE_PREVIEWS = YES;
				GENERATE_INFOPLIST_FILE = YES;
				INFOPLIST_KEY_UIApplicationSceneManifest_Generation = YES;
				INFOPLIST_KEY_UIApplicationSupportsIndirectInputEvents = YES;
				INFOPLIST_KEY_UILaunchScreen_Generation = YES;
				INFOPLIST_KEY_UISupportedInterfaceOrientations_iPad = "UIInterfaceOrientationPortrait UIInterfaceOrientationPortraitUpsideDown UIInterfaceOrientationLandscapeLeft UIInterfaceOrientationLandscapeRight";
				INFOPLIST_KEY_UISupportedInterfaceOrientations_iPhone = "UIInterfaceOrientationPortrait UIInterfaceOrientationLandscapeLeft UIInterfaceOrientationLandscapeRight";
				LD_RUNPATH_SEARCH_PATHS = (
					"$(inherited)",
					"@executable_path/Frameworks",
				);
				MARKETING_VERSION = 1.0;
				PRODUCT_BUNDLE_IDENTIFIER = tenbytes.insta;
				PRODUCT_NAME = "$(TARGET_NAME)";
				SWIFT_EMIT_LOC_STRINGS = YES;
				SWIFT_VERSION = 5.0;
				TARGETED_DEVICE_FAMILY = "1,2";
			};
			name = Debug;
		};
		3D24051B2C4C22F200DDE5DE /* Release */ = {
			isa = XCBuildConfiguration;
			buildSettings = {
				ASSETCATALOG_COMPILER_APPICON_NAME = AppIcon;
				ASSETCATALOG_COMPILER_GLOBAL_ACCENT_COLOR_NAME = AccentColor;
				CODE_SIGN_STYLE = Automatic;
				CURRENT_PROJECT_VERSION = 1;
				DEVELOPMENT_ASSET_PATHS = "\"insta/Preview Content\"";
				DEVELOPMENT_TEAM = 8U779Q6DTC;
				ENABLE_PREVIEWS = YES;
				GENERATE_INFOPLIST_FILE = YES;
				INFOPLIST_KEY_UIApplicationSceneManifest_Generation = YES;
				INFOPLIST_KEY_UIApplicationSupportsIndirectInputEvents = YES;
				INFOPLIST_KEY_UILaunchScreen_Generation = YES;
				INFOPLIST_KEY_UISupportedInterfaceOrientations_iPad = "UIInterfaceOrientationPortrait UIInterfaceOrientationPortraitUpsideDown UIInterfaceOrientationLandscapeLeft UIInterfaceOrientationLandscapeRight";
				INFOPLIST_KEY_UISupportedInterfaceOrientations_iPhone = "UIInterfaceOrientationPortrait UIInterfaceOrientationLandscapeLeft UIInterfaceOrientationLandscapeRight";
				LD_RUNPATH_SEARCH_PATHS = (
					"$(inherited)",
					"@executable_path/Frameworks",
				);
				MARKETING_VERSION = 1.0;
				PRODUCT_BUNDLE_IDENTIFIER = tenbytes.insta;
				PRODUCT_NAME = "$(TARGET_NAME)";
				SWIFT_EMIT_LOC_STRINGS = YES;
				SWIFT_VERSION = 5.0;
				TARGETED_DEVICE_FAMILY = "1,2";
			};
			name = Release;
		};
		3D24051D2C4C22F200DDE5DE /* Debug */ = {
			isa = XCBuildConfiguration;
			buildSettings = {
				ALWAYS_EMBED_SWIFT_STANDARD_LIBRARIES = YES;
				BUNDLE_LOADER = "$(TEST_HOST)";
				CODE_SIGN_STYLE = Automatic;
				CURRENT_PROJECT_VERSION = 1;
				DEVELOPMENT_TEAM = 8U779Q6DTC;
				GENERATE_INFOPLIST_FILE = YES;
				IPHONEOS_DEPLOYMENT_TARGET = 17.5;
				MARKETING_VERSION = 1.0;
				PRODUCT_BUNDLE_IDENTIFIER = tenbytes.instaTests;
				PRODUCT_NAME = "$(TARGET_NAME)";
				SWIFT_EMIT_LOC_STRINGS = NO;
				SWIFT_VERSION = 5.0;
				TARGETED_DEVICE_FAMILY = "1,2";
				TEST_HOST = "$(BUILT_PRODUCTS_DIR)/insta.app/$(BUNDLE_EXECUTABLE_FOLDER_PATH)/insta";
			};
			name = Debug;
		};
		3D24051E2C4C22F200DDE5DE /* Release */ = {
			isa = XCBuildConfiguration;
			buildSettings = {
				ALWAYS_EMBED_SWIFT_STANDARD_LIBRARIES = YES;
				BUNDLE_LOADER = "$(TEST_HOST)";
				CODE_SIGN_STYLE = Automatic;
				CURRENT_PROJECT_VERSION = 1;
				DEVELOPMENT_TEAM = 8U779Q6DTC;
				GENERATE_INFOPLIST_FILE = YES;
				IPHONEOS_DEPLOYMENT_TARGET = 17.5;
				MARKETING_VERSION = 1.0;
				PRODUCT_BUNDLE_IDENTIFIER = tenbytes.instaTests;
				PRODUCT_NAME = "$(TARGET_NAME)";
				SWIFT_EMIT_LOC_STRINGS = NO;
				SWIFT_VERSION = 5.0;
				TARGETED_DEVICE_FAMILY = "1,2";
				TEST_HOST = "$(BUILT_PRODUCTS_DIR)/insta.app/$(BUNDLE_EXECUTABLE_FOLDER_PATH)/insta";
			};
			name = Release;
		};
		3D2405202C4C22F200DDE5DE /* Debug */ = {
			isa = XCBuildConfiguration;
			buildSettings = {
				ALWAYS_EMBED_SWIFT_STANDARD_LIBRARIES = YES;
				CODE_SIGN_STYLE = Automatic;
				CURRENT_PROJECT_VERSION = 1;
				DEVELOPMENT_TEAM = 8U779Q6DTC;
				GENERATE_INFOPLIST_FILE = YES;
				MARKETING_VERSION = 1.0;
				PRODUCT_BUNDLE_IDENTIFIER = tenbytes.instaUITests;
				PRODUCT_NAME = "$(TARGET_NAME)";
				SWIFT_EMIT_LOC_STRINGS = NO;
				SWIFT_VERSION = 5.0;
				TARGETED_DEVICE_FAMILY = "1,2";
				TEST_TARGET_NAME = insta;
			};
			name = Debug;
		};
		3D2405212C4C22F200DDE5DE /* Release */ = {
			isa = XCBuildConfiguration;
			buildSettings = {
				ALWAYS_EMBED_SWIFT_STANDARD_LIBRARIES = YES;
				CODE_SIGN_STYLE = Automatic;
				CURRENT_PROJECT_VERSION = 1;
				DEVELOPMENT_TEAM = 8U779Q6DTC;
				GENERATE_INFOPLIST_FILE = YES;
				MARKETING_VERSION = 1.0;
				PRODUCT_BUNDLE_IDENTIFIER = tenbytes.instaUITests;
				PRODUCT_NAME = "$(TARGET_NAME)";
				SWIFT_EMIT_LOC_STRINGS = NO;
				SWIFT_VERSION = 5.0;
				TARGETED_DEVICE_FAMILY = "1,2";
				TEST_TARGET_NAME = insta;
			};
			name = Release;
		};
/* End XCBuildConfiguration section */

/* Begin XCConfigurationList section */
		3D2404F02C4C22F000DDE5DE /* Build configuration list for PBXProject "insta" */ = {
			isa = XCConfigurationList;
			buildConfigurations = (
				3D2405172C4C22F200DDE5DE /* Debug */,
				3D2405182C4C22F200DDE5DE /* Release */,
			);
			defaultConfigurationIsVisible = 0;
			defaultConfigurationName = Release;
		};
		3D2405192C4C22F200DDE5DE /* Build configuration list for PBXNativeTarget "insta" */ = {
			isa = XCConfigurationList;
			buildConfigurations = (
				3D24051A2C4C22F200DDE5DE /* Debug */,
				3D24051B2C4C22F200DDE5DE /* Release */,
			);
			defaultConfigurationIsVisible = 0;
			defaultConfigurationName = Release;
		};
		3D24051C2C4C22F200DDE5DE /* Build configuration list for PBXNativeTarget "instaTests" */ = {
			isa = XCConfigurationList;
			buildConfigurations = (
				3D24051D2C4C22F200DDE5DE /* Debug */,
				3D24051E2C4C22F200DDE5DE /* Release */,
			);
			defaultConfigurationIsVisible = 0;
			defaultConfigurationName = Release;
		};
		3D24051F2C4C22F200DDE5DE /* Build configuration list for PBXNativeTarget "instaUITests" */ = {
			isa = XCConfigurationList;
			buildConfigurations = (
				3D2405202C4C22F200DDE5DE /* Debug */,
				3D2405212C4C22F200DDE5DE /* Release */,
			);
			defaultConfigurationIsVisible = 0;
			defaultConfigurationName = Release;
		};
/* End XCConfigurationList section */
	};
	rootObject = 3D2404ED2C4C22F000DDE5DE /* Project object */;
}
